// !$*UTF8*$!
{
	archiveVersion = 1;
	classes = {
	};
	objectVersion = 46;
	objects = {

/* Begin PBXBuildFile section */
		A00DF7831D8FC04100D09B07 /* main.m in Sources */ = {isa = PBXBuildFile; fileRef = A00DF7821D8FC04100D09B07 /* main.m */; };
		A00DF7861D8FC04100D09B07 /* AppDelegate.m in Sources */ = {isa = PBXBuildFile; fileRef = A00DF7851D8FC04100D09B07 /* AppDelegate.m */; };
		A00DF7891D8FC04100D09B07 /* ViewController.m in Sources */ = {isa = PBXBuildFile; fileRef = A00DF7881D8FC04100D09B07 /* ViewController.m */; };
		A00DF78C1D8FC04100D09B07 /* Main.storyboard in Resources */ = {isa = PBXBuildFile; fileRef = A00DF78A1D8FC04100D09B07 /* Main.storyboard */; };
		A00DF78E1D8FC04100D09B07 /* Assets.xcassets in Resources */ = {isa = PBXBuildFile; fileRef = A00DF78D1D8FC04100D09B07 /* Assets.xcassets */; };
		A00DF7911D8FC04100D09B07 /* LaunchScreen.storyboard in Resources */ = {isa = PBXBuildFile; fileRef = A00DF78F1D8FC04100D09B07 /* LaunchScreen.storyboard */; };
		A00DF79A1D93772800D09B07 /* NSOperationDemo.m in Sources */ = {isa = PBXBuildFile; fileRef = A00DF7991D93772800D09B07 /* NSOperationDemo.m */; };
/* End PBXBuildFile section */

/* Begin PBXFileReference section */
		A00DF77E1D8FC04100D09B07 /* 多线程.app */ = {isa = PBXFileReference; explicitFileType = wrapper.application; includeInIndex = 0; path = "多线程.app"; sourceTree = BUILT_PRODUCTS_DIR; };
		A00DF7821D8FC04100D09B07 /* main.m */ = {isa = PBXFileReference; lastKnownFileType = sourcecode.c.objc; path = main.m; sourceTree = "<group>"; };
		A00DF7841D8FC04100D09B07 /* AppDelegate.h */ = {isa = PBXFileReference; lastKnownFileType = sourcecode.c.h; path = AppDelegate.h; sourceTree = "<group>"; };
		A00DF7851D8FC04100D09B07 /* AppDelegate.m */ = {isa = PBXFileReference; lastKnownFileType = sourcecode.c.objc; path = AppDelegate.m; sourceTree = "<group>"; };
		A00DF7871D8FC04100D09B07 /* ViewController.h */ = {isa = PBXFileReference; lastKnownFileType = sourcecode.c.h; path = ViewController.h; sourceTree = "<group>"; };
		A00DF7881D8FC04100D09B07 /* ViewController.m */ = {isa = PBXFileReference; lastKnownFileType = sourcecode.c.objc; path = ViewController.m; sourceTree = "<group>"; };
		A00DF78B1D8FC04100D09B07 /* Base */ = {isa = PBXFileReference; lastKnownFileType = file.storyboard; name = Base; path = Base.lproj/Main.storyboard; sourceTree = "<group>"; };
		A00DF78D1D8FC04100D09B07 /* Assets.xcassets */ = {isa = PBXFileReference; lastKnownFileType = folder.assetcatalog; path = Assets.xcassets; sourceTree = "<group>"; };
		A00DF7901D8FC04100D09B07 /* Base */ = {isa = PBXFileReference; lastKnownFileType = file.storyboard; name = Base; path = Base.lproj/LaunchScreen.storyboard; sourceTree = "<group>"; };
		A00DF7921D8FC04100D09B07 /* Info.plist */ = {isa = PBXFileReference; lastKnownFileType = text.plist.xml; path = Info.plist; sourceTree = "<group>"; };
		A00DF7981D93772800D09B07 /* NSOperationDemo.h */ = {isa = PBXFileReference; fileEncoding = 4; lastKnownFileType = sourcecode.c.h; path = NSOperationDemo.h; sourceTree = "<group>"; };
		A00DF7991D93772800D09B07 /* NSOperationDemo.m */ = {isa = PBXFileReference; fileEncoding = 4; lastKnownFileType = sourcecode.c.objc; path = NSOperationDemo.m; sourceTree = "<group>"; };
/* End PBXFileReference section */

/* Begin PBXFrameworksBuildPhase section */
		A00DF77B1D8FC04100D09B07 /* Frameworks */ = {
			isa = PBXFrameworksBuildPhase;
			buildActionMask = 2147483647;
			files = (
			);
			runOnlyForDeploymentPostprocessing = 0;
		};
/* End PBXFrameworksBuildPhase section */

/* Begin PBXGroup section */
		A00DF7751D8FC04100D09B07 = {
			isa = PBXGroup;
			children = (
				A00DF7801D8FC04100D09B07 /* 多线程 */,
				A00DF77F1D8FC04100D09B07 /* Products */,
			);
			sourceTree = "<group>";
		};
		A00DF77F1D8FC04100D09B07 /* Products */ = {
			isa = PBXGroup;
			children = (
				A00DF77E1D8FC04100D09B07 /* 多线程.app */,
			);
			name = Products;
			sourceTree = "<group>";
		};
		A00DF7801D8FC04100D09B07 /* 多线程 */ = {
			isa = PBXGroup;
			children = (
				A00DF7841D8FC04100D09B07 /* AppDelegate.h */,
				A00DF7851D8FC04100D09B07 /* AppDelegate.m */,
				A00DF7871D8FC04100D09B07 /* ViewController.h */,
				A00DF7881D8FC04100D09B07 /* ViewController.m */,
				A00DF7981D93772800D09B07 /* NSOperationDemo.h */,
				A00DF7991D93772800D09B07 /* NSOperationDemo.m */,
				A00DF78A1D8FC04100D09B07 /* Main.storyboard */,
				A00DF78D1D8FC04100D09B07 /* Assets.xcassets */,
				A00DF78F1D8FC04100D09B07 /* LaunchScreen.storyboard */,
				A00DF7921D8FC04100D09B07 /* Info.plist */,
				A00DF7811D8FC04100D09B07 /* Supporting Files */,
			);
			path = "多线程";
			sourceTree = "<group>";
		};
		A00DF7811D8FC04100D09B07 /* Supporting Files */ = {
			isa = PBXGroup;
			children = (
				A00DF7821D8FC04100D09B07 /* main.m */,
			);
			name = "Supporting Files";
			sourceTree = "<group>";
		};
/* End PBXGroup section */

/* Begin PBXNativeTarget section */
		A00DF77D1D8FC04100D09B07 /* 多线程 */ = {
			isa = PBXNativeTarget;
			buildConfigurationList = A00DF7951D8FC04100D09B07 /* Build configuration list for PBXNativeTarget "多线程" */;
			buildPhases = (
				A00DF77A1D8FC04100D09B07 /* Sources */,
				A00DF77B1D8FC04100D09B07 /* Frameworks */,
				A00DF77C1D8FC04100D09B07 /* Resources */,
			);
			buildRules = (
			);
			dependencies = (
			);
			name = "多线程";
			productName = "多线程";
			productReference = A00DF77E1D8FC04100D09B07 /* 多线程.app */;
			productType = "com.apple.product-type.application";
		};
/* End PBXNativeTarget section */

/* Begin PBXProject section */
		A00DF7761D8FC04100D09B07 /* Project object */ = {
			isa = PBXProject;
			attributes = {
				LastUpgradeCheck = 0730;
				ORGANIZATIONNAME = "黄梦妃";
				TargetAttributes = {
					A00DF77D1D8FC04100D09B07 = {
						CreatedOnToolsVersion = 7.3;
					};
				};
			};
			buildConfigurationList = A00DF7791D8FC04100D09B07 /* Build configuration list for PBXProject "多线程" */;
			compatibilityVersion = "Xcode 3.2";
			developmentRegion = English;
			hasScannedForEncodings = 0;
			knownRegions = (
				en,
				Base,
			);
			mainGroup = A00DF7751D8FC04100D09B07;
			productRefGroup = A00DF77F1D8FC04100D09B07 /* Products */;
			projectDirPath = "";
			projectRoot = "";
			targets = (
				A00DF77D1D8FC04100D09B07 /* 多线程 */,
			);
		};
/* End PBXProject section */

/* Begin PBXResourcesBuildPhase section */
		A00DF77C1D8FC04100D09B07 /* Resources */ = {
			isa = PBXResourcesBuildPhase;
			buildActionMask = 2147483647;
			files = (
				A00DF7911D8FC04100D09B07 /* LaunchScreen.storyboard in Resources */,
				A00DF78E1D8FC04100D09B07 /* Assets.xcassets in Resources */,
				A00DF78C1D8FC04100D09B07 /* Main.storyboard in Resources */,
			);
			runOnlyForDeploymentPostprocessing = 0;
		};
/* End PBXResourcesBuildPhase section */

/* Begin PBXSourcesBuildPhase section */
		A00DF77A1D8FC04100D09B07 /* Sources */ = {
			isa = PBXSourcesBuildPhase;
			buildActionMask = 2147483647;
			files = (
				A00DF7891D8FC04100D09B07 /* ViewController.m in Sources */,
				A00DF7861D8FC04100D09B07 /* AppDelegate.m in Sources */,
				A00DF79A1D93772800D09B07 /* NSOperationDemo.m in Sources */,
				A00DF7831D8FC04100D09B07 /* main.m in Sources */,
			);
			runOnlyForDeploymentPostprocessing = 0;
		};
/* End PBXSourcesBuildPhase section */

/* Begin PBXVariantGroup section */
		A00DF78A1D8FC04100D09B07 /* Main.storyboard */ = {
			isa = PBXVariantGroup;
			children = (
				A00DF78B1D8FC04100D09B07 /* Base */,
			);
			name = Main.storyboard;
			sourceTree = "<group>";
		};
		A00DF78F1D8FC04100D09B07 /* LaunchScreen.storyboard */ = {
			isa = PBXVariantGroup;
			children = (
				A00DF7901D8FC04100D09B07 /* Base */,
			);
			name = LaunchScreen.storyboard;
			sourceTree = "<group>";
		};
/* End PBXVariantGroup section */

/* Begin XCBuildConfiguration section */
		A00DF7931D8FC04100D09B07 /* Debug */ = {
			isa = XCBuildConfiguration;
			buildSettings = {
				ALWAYS_SEARCH_USER_PATHS = NO;
				CLANG_ANALYZER_NONNULL = YES;
				CLANG_CXX_LANGUAGE_STANDARD = "gnu++0x";
				CLANG_CXX_LIBRARY = "libc++";
				CLANG_ENABLE_MODULES = YES;
				CLANG_ENABLE_OBJC_ARC = YES;
				CLANG_WARN_BOOL_CONVERSION = YES;
				CLANG_WARN_CONSTANT_CONVERSION = YES;
				CLANG_WARN_DIRECT_OBJC_ISA_USAGE = YES_ERROR;
				CLANG_WARN_EMPTY_BODY = YES;
				CLANG_WARN_ENUM_CONVERSION = YES;
				CLANG_WARN_INT_CONVERSION = YES;
				CLANG_WARN_OBJC_ROOT_CLASS = YES_ERROR;
				CLANG_WARN_UNREACHABLE_CODE = YES;
				CLANG_WARN__DUPLICATE_METHOD_MATCH = YES;
				"CODE_SIGN_IDENTITY[sdk=iphoneos*]" = "iPhone Developer";
				COPY_PHASE_STRIP = NO;
				DEBUG_INFORMATION_FORMAT = dwarf;
				ENABLE_STRICT_OBJC_MSGSEND = YES;
				ENABLE_TESTABILITY = YES;
				GCC_C_LANGUAGE_STANDARD = gnu99;
				GCC_DYNAMIC_NO_PIC = NO;
				GCC_NO_COMMON_BLOCKS = YES;
				GCC_OPTIMIZATION_LEVEL = 0;
				GCC_PREPROCESSOR_DEFINITIONS = (
					"DEBUG=1",
					"$(inherited)",
				);
				GCC_WARN_64_TO_32_BIT_CONVERSION = YES;
				GCC_WARN_ABOUT_RETURN_TYPE = YES_ERROR;
				GCC_WARN_UNDECLARED_SELECTOR = YES;
				GCC_WARN_UNINITIALIZED_AUTOS = YES_AGGRESSIVE;
				GCC_WARN_UNUSED_FUNCTION = YES;
				GCC_WARN_UNUSED_VARIABLE = YES;
				IPHONEOS_DEPLOYMENT_TARGET = 9.3;
				MTL_ENABLE_DEBUG_INFO = YES;
				ONLY_ACTIVE_ARCH = YES;
				SDKROOT = iphoneos;
			};
			name = Debug;
		};
		A00DF7941D8FC04100D09B07 /* Release */ = {
			isa = XCBuildConfiguration;
			buildSettings = {
				ALWAYS_SEARCH_USER_PATHS = NO;
				CLANG_ANALYZER_NONNULL = YES;
				CLANG_CXX_LANGUAGE_STANDARD = "gnu++0x";
				CLANG_CXX_LIBRARY = "libc++";
				CLANG_ENABLE_MODULES = YES;
				CLANG_ENABLE_OBJC_ARC = YES;
				CLANG_WARN_BOOL_CONVERSION = YES;
				CLANG_WARN_CONSTANT_CONVERSION = YES;
				CLANG_WARN_DIRECT_OBJC_ISA_USAGE = YES_ERROR;
				CLANG_WARN_EMPTY_BODY = YES;
				CLANG_WARN_ENUM_CONVERSION = YES;
				CLANG_WARN_INT_CONVERSION = YES;
				CLANG_WARN_OBJC_ROOT_CLASS = YES_ERROR;
				CLANG_WARN_UNREACHABLE_CODE = YES;
				CLANG_WARN__DUPLICATE_METHOD_MATCH = YES;
				"CODE_SIGN_IDENTITY[sdk=iphoneos*]" = "iPhone Developer";
				COPY_PHASE_STRIP = NO;
				DEBUG_INFORMATION_FORMAT = "dwarf-with-dsym";
				ENABLE_NS_ASSERTIONS = NO;
				ENABLE_STRICT_OBJC_MSGSEND = YES;
				GCC_C_LANGUAGE_STANDARD = gnu99;
				GCC_NO_COMMON_BLOCKS = YES;
				GCC_WARN_64_TO_32_BIT_CONVERSION = YES;
				GCC_WARN_ABOUT_RETURN_TYPE = YES_ERROR;
				GCC_WARN_UNDECLARED_SELECTOR = YES;
				GCC_WARN_UNINITIALIZED_AUTOS = YES_AGGRESSIVE;
				GCC_WARN_UNUSED_FUNCTION = YES;
				GCC_WARN_UNUSED_VARIABLE = YES;
				IPHONEOS_DEPLOYMENT_TARGET = 9.3;
				MTL_ENABLE_DEBUG_INFO = NO;
				SDKROOT = iphoneos;
				VALIDATE_PRODUCT = YES;
			};
			name = Release;
		};
		A00DF7961D8FC04100D09B07 /* Debug */ = {
			isa = XCBuildConfiguration;
			buildSettings = {
				ASSETCATALOG_COMPILER_APPICON_NAME = AppIcon;
				INFOPLIST_FILE = "多线程/Info.plist";
				LD_RUNPATH_SEARCH_PATHS = "$(inherited) @executable_path/Frameworks";
				PRODUCT_BUNDLE_IDENTIFIER = "---.---";
				PRODUCT_NAME = "$(TARGET_NAME)";
			};
			name = Debug;
		};
		A00DF7971D8FC04100D09B07 /* Release */ = {
			isa = XCBuildConfiguration;
			buildSettings = {
				ASSETCATALOG_COMPILER_APPICON_NAME = AppIcon;
				INFOPLIST_FILE = "多线程/Info.plist";
				LD_RUNPATH_SEARCH_PATHS = "$(inherited) @executable_path/Frameworks";
				PRODUCT_BUNDLE_IDENTIFIER = "---.---";
				PRODUCT_NAME = "$(TARGET_NAME)";
			};
			name = Release;
		};
/* End XCBuildConfiguration section */

/* Begin XCConfigurationList section */
		A00DF7791D8FC04100D09B07 /* Build configuration list for PBXProject "多线程" */ = {
			isa = XCConfigurationList;
			buildConfigurations = (
				A00DF7931D8FC04100D09B07 /* Debug */,
				A00DF7941D8FC04100D09B07 /* Release */,
			);
			defaultConfigurationIsVisible = 0;
			defaultConfigurationName = Release;
		};
		A00DF7951D8FC04100D09B07 /* Build configuration list for PBXNativeTarget "多线程" */ = {
			isa = XCConfigurationList;
			buildConfigurations = (
				A00DF7961D8FC04100D09B07 /* Debug */,
				A00DF7971D8FC04100D09B07 /* Release */,
			);
			defaultConfigurationIsVisible = 0;
		};
/* End XCConfigurationList section */
	};
	rootObject = A00DF7761D8FC04100D09B07 /* Project object */;
}
